
Microsoft Visual Studio Solution File, Format Version 12.00
# Visual Studio Version 16
VisualStudioVersion = 16.0.30011.22
MinimumVisualStudioVersion = 10.0.40219.1
Project("{FAE04EC0-301F-11D3-BF4B-00C04F79EFBC}") = "CommandAPI", "CommandAPI\CommandAPI.csproj", "{8F9B4922-9EC3-4751-A6EB-F7F1D014F8D7}"
EndProject
Project("{FAE04EC0-301F-11D3-BF4B-00C04F79EFBC}") = "CommandAPI.Tests", "CommandAPI.Tests\CommandAPI.Tests.csproj", "{0CC5AC01-9C5A-4902-9C7B-B3E2DE60CDAF}"
EndProject
Global
	GlobalSection(SolutionConfigurationPlatforms) = preSolution
		Debug|Any CPU = Debug|Any CPU
		Release|Any CPU = Release|Any CPU
	EndGlobalSection
	GlobalSection(ProjectConfigurationPlatforms) = postSolution
		{8F9B4922-9EC3-4751-A6EB-F7F1D014F8D7}.Debug|Any CPU.ActiveCfg = Debug|Any CPU
		{8F9B4922-9EC3-4751-A6EB-F7F1D014F8D7}.Debug|Any CPU.Build.0 = Debug|Any CPU
		{8F9B4922-9EC3-4751-A6EB-F7F1D014F8D7}.Release|Any CPU.ActiveCfg = Release|Any CPU
		{8F9B4922-9EC3-4751-A6EB-F7F1D014F8D7}.Release|Any CPU.Build.0 = Release|Any CPU
		{0CC5AC01-9C5A-4902-9C7B-B3E2DE60CDAF}.Debug|Any CPU.ActiveCfg = Debug|Any CPU
		{0CC5AC01-9C5A-4902-9C7B-B3E2DE60CDAF}.Debug|Any CPU.Build.0 = Debug|Any CPU
		{0CC5AC01-9C5A-4902-9C7B-B3E2DE60CDAF}.Release|Any CPU.ActiveCfg = Release|Any CPU
		{0CC5AC01-9C5A-4902-9C7B-B3E2DE60CDAF}.Release|Any CPU.Build.0 = Release|Any CPU
	EndGlobalSection
	GlobalSection(SolutionProperties) = preSolution
		HideSolutionNode = FALSE
	EndGlobalSection
	GlobalSection(ExtensibilityGlobals) = postSolution
		SolutionGuid = {01D64583-D629-46FE-9228-114E9D3BF94C}
	EndGlobalSection
EndGlobal
